{
  "lockfileVersion": 2,
  "configVersion": 1,
  "workspaces": {
    "": {
      "name": "gouldju1-readme",
      "devDependencies": {
        "@types/node": "^20.14.9",
        "tsm": "^2.3.0",
        "typescript": "^5.5.3",
      },
    },
  },
  "packages": {
    "@esbuild/android-arm": ["@esbuild/android-arm@0.15.18", "https://elilillyco.jfrog.io/elilillyco/api/npm/Lilly-NPM/@esbuild/android-arm/-/android-arm-0.15.18.tgz", { "os": "android", "cpu": "arm" }, "sha512-5GT+kcs2WVGjVs7+boataCkO5Fg0y4kCjzkB5bAip7H4jfnOS3dA6KPiww9W1OEKTKeAcUVhdZGvgI65OXmUnw=="],

    "@esbuild/linux-loong64": ["@esbuild/linux-loong64@0.15.18", "https://elilillyco.jfrog.io/elilillyco/api/npm/Lilly-NPM/@esbuild/linux-loong64/-/linux-loong64-0.15.18.tgz", { "os": "linux", "cpu": "none" }, "sha512-L4jVKS82XVhw2nvzLg/19ClLWg0y27ulRwuP7lcyL6AbUWB5aPglXY3M21mauDQMDfRLs8cQmeT03r/+X3cZYQ=="],

    "@types/node": ["@types/node@20.19.43", "https://elilillyco.jfrog.io/elilillyco/api/npm/Lilly-NPM/@types/node/-/node-20.19.43.tgz", { "dependencies": { "undici-types": "~6.21.0" } }, "sha512-6oYBAi5ikg4Pl+kGsoYtawUMBT2zZMCvPNF7pVLnHZfd1zf38DRiWn/gT01RYCdUqkv7Fhr+C9ot4/tb+2sVvA=="],

    "esbuild": ["esbuild@0.15.18", "https://elilillyco.jfrog.io/elilillyco/api/npm/Lilly-NPM/esbuild/-/esbuild-0.15.18.tgz", { "optionalDependencies": { "@esbuild/android-arm": "0.15.18", "@esbuild/linux-loong64": "0.15.18", "esbuild-android-64": "0.15.18", "esbuild-android-arm64": "0.15.18", "esbuild-darwin-64": "0.15.18", "esbuild-darwin-arm64": "0.15.18", "esbuild-freebsd-64": "0.15.18", "esbuild-freebsd-arm64": "0.15.18", "esbuild-linux-32": "0.15.18", "esbuild-linux-64": "0.15.18", "esbuild-linux-arm": "0.15.18", "esbuild-linux-arm64": "0.15.18", "esbuild-linux-mips64le": "0.15.18", "esbuild-linux-ppc64le": "0.15.18", "esbuild-linux-riscv64": "0.15.18", "esbuild-linux-s390x": "0.15.18", "esbuild-netbsd-64": "0.15.18", "esbuild-openbsd-64": "0.15.18", "esbuild-sunos-64": "0.15.18", "esbuild-windows-32": "0.15.18", "esbuild-windows-64": "0.15.18", "esbuild-windows-arm64": "0.15.18" }, "bin": { "esbuild": "bin/esbuild" } }, "sha512-x/R72SmW3sSFRm5zrrIjAhCeQSAWoni3CmHEqfQrZIQTM3lVCdehdwuIqaOtfC2slvpdlLa62GYoN8SxT23m6Q=="],

    "esbuild-android-64": ["esbuild-android-64@0.15.18", "https://elilillyco.jfrog.io/elilillyco/api/npm/Lilly-NPM/esbuild-android-64/-/esbuild-android-64-0.15.18.tgz", { "os": "android", "cpu": "x64" }, "sha512-wnpt3OXRhcjfIDSZu9bnzT4/TNTDsOUvip0foZOUBG7QbSt//w3QV4FInVJxNhKc/ErhUxc5z4QjHtMi7/TbgA=="],

    "esbuild-android-arm64": ["esbuild-android-arm64@0.15.18", "https://elilillyco.jfrog.io/elilillyco/api/npm/Lilly-NPM/esbuild-android-arm64/-/esbuild-android-arm64-0.15.18.tgz", { "os": "android", "cpu": "arm64" }, "sha512-G4xu89B8FCzav9XU8EjsXacCKSG2FT7wW9J6hOc18soEHJdtWu03L3TQDGf0geNxfLTtxENKBzMSq9LlbjS8OQ=="],

    "esbuild-darwin-64": ["esbuild-darwin-64@0.15.18", "https://elilillyco.jfrog.io/elilillyco/api/npm/Lilly-NPM/esbuild-darwin-64/-/esbuild-darwin-64-0.15.18.tgz", { "os": "darwin", "cpu": "x64" }, "sha512-2WAvs95uPnVJPuYKP0Eqx+Dl/jaYseZEUUT1sjg97TJa4oBtbAKnPnl3b5M9l51/nbx7+QAEtuummJZW0sBEmg=="],

    "esbuild-darwin-arm64": ["esbuild-darwin-arm64@0.15.18", "https://elilillyco.jfrog.io/elilillyco/api/npm/Lilly-NPM/esbuild-darwin-arm64/-/esbuild-darwin-arm64-0.15.18.tgz", { "os": "darwin", "cpu": "arm64" }, "sha512-tKPSxcTJ5OmNb1btVikATJ8NftlyNlc8BVNtyT/UAr62JFOhwHlnoPrhYWz09akBLHI9nElFVfWSTSRsrZiDUA=="],

    "esbuild-freebsd-64": ["esbuild-freebsd-64@0.15.18", "https://elilillyco.jfrog.io/elilillyco/api/npm/Lilly-NPM/esbuild-freebsd-64/-/esbuild-freebsd-64-0.15.18.tgz", { "os": "freebsd", "cpu": "x64" }, "sha512-TT3uBUxkteAjR1QbsmvSsjpKjOX6UkCstr8nMr+q7zi3NuZ1oIpa8U41Y8I8dJH2fJgdC3Dj3CXO5biLQpfdZA=="],

    "esbuild-freebsd-arm64": ["esbuild-freebsd-arm64@0.15.18", "https://elilillyco.jfrog.io/elilillyco/api/npm/Lilly-NPM/esbuild-freebsd-arm64/-/esbuild-freebsd-arm64-0.15.18.tgz", { "os": "freebsd", "cpu": "arm64" }, "sha512-R/oVr+X3Tkh+S0+tL41wRMbdWtpWB8hEAMsOXDumSSa6qJR89U0S/PpLXrGF7Wk/JykfpWNokERUpCeHDl47wA=="],

    "esbuild-linux-32": ["esbuild-linux-32@0.15.18", "https://elilillyco.jfrog.io/elilillyco/api/npm/Lilly-NPM/esbuild-linux-32/-/esbuild-linux-32-0.15.18.tgz", { "os": "linux", "cpu": "ia32" }, "sha512-lphF3HiCSYtaa9p1DtXndiQEeQDKPl9eN/XNoBf2amEghugNuqXNZA/ZovthNE2aa4EN43WroO0B85xVSjYkbg=="],

    "esbuild-linux-64": ["esbuild-linux-64@0.15.18", "https://elilillyco.jfrog.io/elilillyco/api/npm/Lilly-NPM/esbuild-linux-64/-/esbuild-linux-64-0.15.18.tgz", { "os": "linux", "cpu": "x64" }, "sha512-hNSeP97IviD7oxLKFuii5sDPJ+QHeiFTFLoLm7NZQligur8poNOWGIgpQ7Qf8Balb69hptMZzyOBIPtY09GZYw=="],

    "esbuild-linux-arm": ["esbuild-linux-arm@0.15.18", "https://elilillyco.jfrog.io/elilillyco/api/npm/Lilly-NPM/esbuild-linux-arm/-/esbuild-linux-arm-0.15.18.tgz", { "os": "linux", "cpu": "arm" }, "sha512-UH779gstRblS4aoS2qpMl3wjg7U0j+ygu3GjIeTonCcN79ZvpPee12Qun3vcdxX+37O5LFxz39XeW2I9bybMVA=="],

    "esbuild-linux-arm64": ["esbuild-linux-arm64@0.15.18", "https://elilillyco.jfrog.io/elilillyco/api/npm/Lilly-NPM/esbuild-linux-arm64/-/esbuild-linux-arm64-0.15.18.tgz", { "os": "linux", "cpu": "arm64" }, "sha512-54qr8kg/6ilcxd+0V3h9rjT4qmjc0CccMVWrjOEM/pEcUzt8X62HfBSeZfT2ECpM7104mk4yfQXkosY8Quptug=="],

    "esbuild-linux-mips64le": ["esbuild-linux-mips64le@0.15.18", "https://elilillyco.jfrog.io/elilillyco/api/npm/Lilly-NPM/esbuild-linux-mips64le/-/esbuild-linux-mips64le-0.15.18.tgz", { "os": "linux", "cpu": "none" }, "sha512-Mk6Ppwzzz3YbMl/ZZL2P0q1tnYqh/trYZ1VfNP47C31yT0K8t9s7Z077QrDA/guU60tGNp2GOwCQnp+DYv7bxQ=="],

    "esbuild-linux-ppc64le": ["esbuild-linux-ppc64le@0.15.18", "https://elilillyco.jfrog.io/elilillyco/api/npm/Lilly-NPM/esbuild-linux-ppc64le/-/esbuild-linux-ppc64le-0.15.18.tgz", { "os": "linux", "cpu": "ppc64" }, "sha512-b0XkN4pL9WUulPTa/VKHx2wLCgvIAbgwABGnKMY19WhKZPT+8BxhZdqz6EgkqCLld7X5qiCY2F/bfpUUlnFZ9w=="],

    "esbuild-linux-riscv64": ["esbuild-linux-riscv64@0.15.18", "https://elilillyco.jfrog.io/elilillyco/api/npm/Lilly-NPM/esbuild-linux-riscv64/-/esbuild-linux-riscv64-0.15.18.tgz", { "os": "linux", "cpu": "none" }, "sha512-ba2COaoF5wL6VLZWn04k+ACZjZ6NYniMSQStodFKH/Pu6RxzQqzsmjR1t9QC89VYJxBeyVPTaHuBMCejl3O/xg=="],

    "esbuild-linux-s390x": ["esbuild-linux-s390x@0.15.18", "https://elilillyco.jfrog.io/elilillyco/api/npm/Lilly-NPM/esbuild-linux-s390x/-/esbuild-linux-s390x-0.15.18.tgz", { "os": "linux", "cpu": "s390x" }, "sha512-VbpGuXEl5FCs1wDVp93O8UIzl3ZrglgnSQ+Hu79g7hZu6te6/YHgVJxCM2SqfIila0J3k0csfnf8VD2W7u2kzQ=="],

    "esbuild-netbsd-64": ["esbuild-netbsd-64@0.15.18", "https://elilillyco.jfrog.io/elilillyco/api/npm/Lilly-NPM/esbuild-netbsd-64/-/esbuild-netbsd-64-0.15.18.tgz", { "os": "none", "cpu": "x64" }, "sha512-98ukeCdvdX7wr1vUYQzKo4kQ0N2p27H7I11maINv73fVEXt2kyh4K4m9f35U1K43Xc2QGXlzAw0K9yoU7JUjOg=="],

    "esbuild-openbsd-64": ["esbuild-openbsd-64@0.15.18", "https://elilillyco.jfrog.io/elilillyco/api/npm/Lilly-NPM/esbuild-openbsd-64/-/esbuild-openbsd-64-0.15.18.tgz", { "os": "openbsd", "cpu": "x64" }, "sha512-yK5NCcH31Uae076AyQAXeJzt/vxIo9+omZRKj1pauhk3ITuADzuOx5N2fdHrAKPxN+zH3w96uFKlY7yIn490xQ=="],

    "esbuild-sunos-64": ["esbuild-sunos-64@0.15.18", "https://elilillyco.jfrog.io/elilillyco/api/npm/Lilly-NPM/esbuild-sunos-64/-/esbuild-sunos-64-0.15.18.tgz", { "os": "sunos", "cpu": "x64" }, "sha512-On22LLFlBeLNj/YF3FT+cXcyKPEI263nflYlAhz5crxtp3yRG1Ugfr7ITyxmCmjm4vbN/dGrb/B7w7U8yJR9yw=="],

    "esbuild-windows-32": ["esbuild-windows-32@0.15.18", "https://elilillyco.jfrog.io/elilillyco/api/npm/Lilly-NPM/esbuild-windows-32/-/esbuild-windows-32-0.15.18.tgz", { "os": "win32", "cpu": "ia32" }, "sha512-o+eyLu2MjVny/nt+E0uPnBxYuJHBvho8vWsC2lV61A7wwTWC3jkN2w36jtA+yv1UgYkHRihPuQsL23hsCYGcOQ=="],

    "esbuild-windows-64": ["esbuild-windows-64@0.15.18", "https://elilillyco.jfrog.io/elilillyco/api/npm/Lilly-NPM/esbuild-windows-64/-/esbuild-windows-64-0.15.18.tgz", { "os": "win32", "cpu": "x64" }, "sha512-qinug1iTTaIIrCorAUjR0fcBk24fjzEedFYhhispP8Oc7SFvs+XeW3YpAKiKp8dRpizl4YYAhxMjlftAMJiaUw=="],

    "esbuild-windows-arm64": ["esbuild-windows-arm64@0.15.18", "https://elilillyco.jfrog.io/elilillyco/api/npm/Lilly-NPM/esbuild-windows-arm64/-/esbuild-windows-arm64-0.15.18.tgz", { "os": "win32", "cpu": "arm64" }, "sha512-q9bsYzegpZcLziq0zgUi5KqGVtfhjxGbnksaBFYmWLxeV/S1fK4OLdq2DFYnXcLMjlZw2L0jLsk1eGoB522WXQ=="],

    "tsm": ["tsm@2.3.0", "https://elilillyco.jfrog.io/elilillyco/api/npm/Lilly-NPM/tsm/-/tsm-2.3.0.tgz", { "dependencies": { "esbuild": "^0.15.16" }, "bin": { "tsm": "bin.js" } }, "sha512-++0HFnmmR+gMpDtKTnW3XJ4yv9kVGi20n+NfyQWB9qwJvTaIWY9kBmzek2YUQK5APTQ/1DTrXmm4QtFPmW9Rzw=="],

    "typescript": ["typescript@5.9.3", "https://elilillyco.jfrog.io/elilillyco/api/npm/Lilly-NPM/typescript/-/typescript-5.9.3.tgz", { "bin": { "tsc": "bin/tsc", "tsserver": "bin/tsserver" } }, "sha512-jl1vZzPDinLr9eUt3J/t7V6FgNEw9QjvBPdysz9KfQDD41fQrC2Y4vKQdiaUpFT4bXlb1RHhLpp8wtm6M5TgSw=="],

    "undici-types": ["undici-types@6.21.0", "https://elilillyco.jfrog.io/elilillyco/api/npm/Lilly-NPM/undici-types/-/undici-types-6.21.0.tgz", {}, "sha512-iwDZqg0QAGrg9Rav5H4n0M64c3mkR59cJ6wQp+7C4nI0gsmExaedaYLNO44eT4AtBBwjbTiGPMlt2Md0T9H9JQ=="],
  }
}
